
Microsoft Visual Studio Solution File, Format Version 12.00
# Visual Studio Version 17
VisualStudioVersion = 17.4.33205.214
MinimumVisualStudioVersion = 10.0.40219.1
Project("{FAE04EC0-301F-11D3-BF4B-00C04F79EFBC}") = "Paganism", "Paganism\Paganism.csproj", "{B4314166-DE07-4003-8A3D-40AF32BECC08}"
EndProject
Project("{FAE04EC0-301F-11D3-BF4B-00C04F79EFBC}") = "PaganismCustomConsole", "PaganismCustomConsole\PaganismCustomConsole.csproj", "{EEA51701-32DA-4313-B7DF-8F6F0AC3D806}"
EndProject
Global
	GlobalSection(SolutionConfigurationPlatforms) = preSolution
		Debug|Any CPU = Debug|Any CPU
		Release|Any CPU = Release|Any CPU
	EndGlobalSection
	GlobalSection(ProjectConfigurationPlatforms) = postSolution
		{B4314166-DE07-4003-8A3D-40AF32BECC08}.Debug|Any CPU.ActiveCfg = Debug|Any CPU
		{B4314166-DE07-4003-8A3D-40AF32BECC08}.Debug|Any CPU.Build.0 = Debug|Any CPU
		{B4314166-DE07-4003-8A3D-40AF32BECC08}.Release|Any CPU.ActiveCfg = Debug|Any CPU
		{B4314166-DE07-4003-8A3D-40AF32BECC08}.Release|Any CPU.Build.0 = Debug|Any CPU
		{EEA51701-32DA-4313-B7DF-8F6F0AC3D806}.Debug|Any CPU.ActiveCfg = Debug|Any CPU
		{EEA51701-32DA-4313-B7DF-8F6F0AC3D806}.Debug|Any CPU.Build.0 = Debug|Any CPU
		{EEA51701-32DA-4313-B7DF-8F6F0AC3D806}.Release|Any CPU.ActiveCfg = Debug|Any CPU
		{EEA51701-32DA-4313-B7DF-8F6F0AC3D806}.Release|Any CPU.Build.0 = Debug|Any CPU
	EndGlobalSection
	GlobalSection(SolutionProperties) = preSolution
		HideSolutionNode = FALSE
	EndGlobalSection
	GlobalSection(ExtensibilityGlobals) = postSolution
		SolutionGuid = {7DB97356-417E-4BBB-8F0D-4A32BA288394}
	EndGlobalSection
EndGlobal
